github.com/gmlewis/go-threejs v1.0.0 h1:Q7cpmoFBcWsoRzbzp3EBWAmGuhWPD93Bpa1lft1Rk9I=
github.com/gopherjs/gopherjs v0.0.0-20180825215210-0210a2f0f73c h1:16eHWuMGvCjSfgRJKqIzapE78onvvTbdi1rMkU00lZw=
github.com/gopherjs/gopherjs v0.0.0-20180825215210-0210a2f0f73c/go.mod h1:wJfORRmW1u3UXTncJ5qlYoELFm8eSnnEO6hX4iZ3EWY=
github.com/gopherjs/gopherjs v0.0.0-20190328170749-bb2674552d8f h1:4Gslotqbs16iAg+1KR/XdabIfq8TlAWHdwS5QJFksLc=
github.com/gopherjs/gopherjs v0.0.0-20190328170749-bb2674552d8f/go.mod h1:wJfORRmW1u3UXTncJ5qlYoELFm8eSnnEO6hX4iZ3EWY=
